
Microsoft Visual Studio Solution File, Format Version 12.00
# Visual Studio 15
VisualStudioVersion = 15.0.26430.16
MinimumVisualStudioVersion = 10.0.40219.1
Project("{9A19103F-16F7-4668-BE54-9A1E7A4F7556}") = "ITI.KDO.WebApp", "KDO\ITI.KDO.WebApp\ITI.KDO.WebApp.csproj", "{3589A1A2-467A-404C-9200-D4E55800D820}"
EndProject
Project("{9A19103F-16F7-4668-BE54-9A1E7A4F7556}") = "ITI.KDO.DAL.Tests", "KDO\ITI.KDO.DAL.Tests\ITI.KDO.DAL.Tests.csproj", "{BE8CD3F2-04CA-4773-8DD7-8C0B26625EE6}"
EndProject
Project("{9A19103F-16F7-4668-BE54-9A1E7A4F7556}") = "ITI.KDO.DB", "KDO\ITI.KDO.DB\ITI.KDO.DB.csproj", "{4114C164-8980-41D3-9D6A-CFC90499526C}"
EndProject
Project("{9A19103F-16F7-4668-BE54-9A1E7A4F7556}") = "ITI.KDO.DAL", "KDO\ITI.KDO.DAL\ITI.KDO.DAL.csproj", "{636A8975-8258-4B9A-B06E-CC64436A10BC}"
EndProject
Global
	GlobalSection(SolutionConfigurationPlatforms) = preSolution
		Debug|Any CPU = Debug|Any CPU
		Release|Any CPU = Release|Any CPU
	EndGlobalSection
	GlobalSection(ProjectConfigurationPlatforms) = postSolution
		{3589A1A2-467A-404C-9200-D4E55800D820}.Debug|Any CPU.ActiveCfg = Debug|Any CPU
		{3589A1A2-467A-404C-9200-D4E55800D820}.Debug|Any CPU.Build.0 = Debug|Any CPU
		{3589A1A2-467A-404C-9200-D4E55800D820}.Release|Any CPU.ActiveCfg = Release|Any CPU
		{3589A1A2-467A-404C-9200-D4E55800D820}.Release|Any CPU.Build.0 = Release|Any CPU
		{BE8CD3F2-04CA-4773-8DD7-8C0B26625EE6}.Debug|Any CPU.ActiveCfg = Debug|Any CPU
		{BE8CD3F2-04CA-4773-8DD7-8C0B26625EE6}.Debug|Any CPU.Build.0 = Debug|Any CPU
		{BE8CD3F2-04CA-4773-8DD7-8C0B26625EE6}.Release|Any CPU.ActiveCfg = Release|Any CPU
		{BE8CD3F2-04CA-4773-8DD7-8C0B26625EE6}.Release|Any CPU.Build.0 = Release|Any CPU
		{4114C164-8980-41D3-9D6A-CFC90499526C}.Debug|Any CPU.ActiveCfg = Debug|Any CPU
		{4114C164-8980-41D3-9D6A-CFC90499526C}.Debug|Any CPU.Build.0 = Debug|Any CPU
		{4114C164-8980-41D3-9D6A-CFC90499526C}.Release|Any CPU.ActiveCfg = Release|Any CPU
		{4114C164-8980-41D3-9D6A-CFC90499526C}.Release|Any CPU.Build.0 = Release|Any CPU
		{636A8975-8258-4B9A-B06E-CC64436A10BC}.Debug|Any CPU.ActiveCfg = Debug|Any CPU
		{636A8975-8258-4B9A-B06E-CC64436A10BC}.Debug|Any CPU.Build.0 = Debug|Any CPU
		{636A8975-8258-4B9A-B06E-CC64436A10BC}.Release|Any CPU.ActiveCfg = Release|Any CPU
		{636A8975-8258-4B9A-B06E-CC64436A10BC}.Release|Any CPU.Build.0 = Release|Any CPU
	EndGlobalSection
	GlobalSection(SolutionProperties) = preSolution
		HideSolutionNode = FALSE
	EndGlobalSection
	GlobalSection(ExtensibilityGlobals) = postSolution
		SolutionGuid = {E11BE2D3-EABB-49F9-BC31-0437AD9146A5}
	EndGlobalSection
EndGlobal
